<?xml version="1.0" encoding="UTF-8"?>
<Scheme
   LastUpgradeVersion = "0810"
   version = "1.3">
   <BuildAction
      parallelizeBuildables = "YES"
      buildImplicitDependencies = "YES">
      <BuildActionEntries>
         <BuildActionEntry
            buildForTesting = "YES"
            buildForRunning = "YES"
            buildForProfiling = "YES"
            buildForArchiving = "YES"
            buildForAnalyzing = "YES">
            <BuildableReference
               BuildableIdentifier = "primary"
               BlueprintIdentifier = "19FE70771D389B2600BCF5EF"
               BuildableName = "Project 38 - SavePhotoToCustomUlbum.app"
               BlueprintName = "Project 38 - SavePhotoToCustomUlbum"
               ReferencedContainer = "container:Project 38 - SavePhotoToCustomUlbum.xcodeproj">
            </BuildableReference>
         </BuildActionEntry>
      </BuildActionEntries>
   </BuildAction>
   <TestAction
      buildConfiguration = "Debug"
      selectedDebuggerIdentifier = "Xcode.DebuggerFoundation.Debugger.LLDB"
      selectedLauncherIdentifier = "Xcode.DebuggerFoundation.Launcher.LLDB"
      shouldUseLaunchSchemeArgsEnv = "YES">
      <Testables>
         <TestableReference
            skipped = "NO">
            <BuildableReference
               BuildableIdentifier = "primary"
               BlueprintIdentifier = "19FE708B1D389B2700BCF5EF"
               BuildableName = "Project 38 - SavePhotoToCustomUlbumTests.xctest"
               BlueprintName = "Project 38 - SavePhotoToCustomUlbumTests"
               ReferencedContainer = "container:Project 38 - SavePhotoToCustomUlbum.xcodeproj">
            </BuildableReference>
         </TestableReference>
         <TestableReference
            skipped = "NO">
            <BuildableReference
               BuildableIdentifier = "primary"
               BlueprintIdentifier = "19FE70961D389B2700BCF5EF"
               BuildableName = "Project 38 - SavePhotoToCustomUlbumUITests.xctest"
               BlueprintName = "Project 38 - SavePhotoToCustomUlbumUITests"
               ReferencedContainer = "container:Project 38 - SavePhotoToCustomUlbum.xcodeproj">
            </BuildableReference>
         </TestableReference>
      </Testables>
      <MacroExpansion>
         <BuildableReference
            BuildableIdentifier = "primary"
            BlueprintIdentifier = "19FE70771D389B2600BCF5EF"
            BuildableName = "Project 38 - SavePhotoToCustomUlbum.app"
            BlueprintName = "Project 38 - SavePhotoToCustomUlbum"
            ReferencedContainer = "container:Project 38 - SavePhotoToCustomUlbum.xcodeproj">
         </BuildableReference>
      </MacroExpansion>
      <AdditionalOptions>
      </AdditionalOptions>
   </TestAction>
   <LaunchAction
      buildConfiguration = "Debug"
      selectedDebuggerIdentifier = "Xcode.DebuggerFoundation.Debugger.LLDB"
      selectedLauncherIdentifier = "Xcode.DebuggerFoundation.Launcher.LLDB"
      launchStyle = "0"
      useCustomWorkingDirectory = "NO"
      ignoresPersistentStateOnLaunch = "NO"
      debugDocumentVersioning = "YES"
      debugServiceExtension = "internal"
      allowLocationSimulation = "YES">
      <BuildableProductRunnable
         runnableDebuggingMode = "0">
         <BuildableReference
            BuildableIdentifier = "primary"
            BlueprintIdentifier = "19FE70771D389B2600BCF5EF"
            BuildableName = "Project 38 - SavePhotoToCustomUlbum.app"
            BlueprintName = "Project 38 - SavePhotoToCustomUlbum"
            ReferencedContainer = "container:Project 38 - SavePhotoToCustomUlbum.xcodeproj">
         </BuildableReference>
      </BuildableProductRunnable>
      <AdditionalOptions>
      </AdditionalOptions>
   </LaunchAction>
   <ProfileAction
      buildConfiguration = "Release"
      shouldUseLaunchSchemeArgsEnv = "YES"
      savedToolIdentifier = ""
      useCustomWorkingDirectory = "NO"
      debugDocumentVersioning = "YES">
      <BuildableProductRunnable
         runnableDebuggingMode = "0">
         <BuildableReference
            BuildableIdentifier = "primary"
            BlueprintIdentifier = "19FE70771D389B2600BCF5EF"
            BuildableName = "Project 38 - SavePhotoToCustomUlbum.app"
            BlueprintName = "Project 38 - SavePhotoToCustomUlbum"
            ReferencedContainer = "container:Project 38 - SavePhotoToCustomUlbum.xcodeproj">
         </BuildableReference>
      </BuildableProductRunnable>
   </ProfileAction>
   <AnalyzeAction
      buildConfiguration = "Debug">
   </AnalyzeAction>
   <ArchiveAction
      buildConfiguration = "Release"
      revealArchiveInOrganizer = "YES">
   </ArchiveAction>
</Scheme>
